
Microsoft Visual Studio Solution File, Format Version 12.00
# Visual Studio Version 17
VisualStudioVersion = 17.10.0.0
MinimumVisualStudioVersion = 10.0.40219.1
Project("{2150E333-8FDC-42A3-9474-1A3956D46DE8}") = "src", "src", "{11111111-1111-1111-1111-111111111111}"
EndProject
Project("{9A19103F-16F7-4668-BE54-9A1E7A4F7556}") = "TrueCapture.Core", "TrueCapture.Core\TrueCapture.Core.csproj", "{A0000000-0000-0000-0000-000000000001}"
EndProject
Project("{9A19103F-16F7-4668-BE54-9A1E7A4F7556}") = "TrueCapture.Shared", "TrueCapture.Shared\TrueCapture.Shared.csproj", "{A0000000-0000-0000-0000-000000000002}"
EndProject
Project("{9A19103F-16F7-4668-BE54-9A1E7A4F7556}") = "TrueCapture.Infrastructure", "TrueCapture.Infrastructure\TrueCapture.Infrastructure.csproj", "{A0000000-0000-0000-0000-000000000003}"
EndProject
Project("{9A19103F-16F7-4668-BE54-9A1E7A4F7556}") = "TrueCapture.Api", "TrueCapture.Api\TrueCapture.Api.csproj", "{A0000000-0000-0000-0000-000000000004}"
EndProject
Project("{9A19103F-16F7-4668-BE54-9A1E7A4F7556}") = "TrueCapture.Modules.Identity", "TrueCapture.Modules.Identity\TrueCapture.Modules.Identity.csproj", "{A0000000-0000-0000-0000-000000000005}"
EndProject
Project("{9A19103F-16F7-4668-BE54-9A1E7A4F7556}") = "TrueCapture.Modules.Users", "TrueCapture.Modules.Users\TrueCapture.Modules.Users.csproj", "{A0000000-0000-0000-0000-000000000009}"
EndProject
Project("{9A19103F-16F7-4668-BE54-9A1E7A4F7556}") = "TrueCapture.Modules.Notifications", "TrueCapture.Modules.Notifications\TrueCapture.Modules.Notifications.csproj", "{A0000000-0000-0000-0000-00000000000A}"
EndProject
Project("{2150E333-8FDC-42A3-9474-1A3956D46DE8}") = "tests", "tests", "{22222222-2222-2222-2222-222222222222}"
EndProject
Project("{9A19103F-16F7-4668-BE54-9A1E7A4F7556}") = "TrueCapture.Tests.Unit", "TrueCapture.Tests.Unit\TrueCapture.Tests.Unit.csproj", "{A0000000-0000-0000-0000-000000000006}"
EndProject
Project("{9A19103F-16F7-4668-BE54-9A1E7A4F7556}") = "TrueCapture.Tests.Integration", "TrueCapture.Tests.Integration\TrueCapture.Tests.Integration.csproj", "{A0000000-0000-0000-0000-000000000007}"
EndProject
Project("{9A19103F-16F7-4668-BE54-9A1E7A4F7556}") = "TrueCapture.Tests.Arch", "TrueCapture.Tests.Arch\TrueCapture.Tests.Arch.csproj", "{A0000000-0000-0000-0000-000000000008}"
EndProject
Project("{FAE04EC0-301F-11D3-BF4B-00C04F79EFBC}") = "TrueCapture.Modules.Social", "TrueCapture.Modules.Social\TrueCapture.Modules.Social.csproj", "{1D36E7E4-C188-4403-A699-537FD4881C05}"
EndProject
Project("{FAE04EC0-301F-11D3-BF4B-00C04F79EFBC}") = "TrueCapture.Modules.Messaging", "TrueCapture.Modules.Messaging\TrueCapture.Modules.Messaging.csproj", "{A57D51E8-79FD-4D2E-825B-70D042425264}"
EndProject
Global
	GlobalSection(SolutionConfigurationPlatforms) = preSolution
		Debug|Any CPU = Debug|Any CPU
		Debug|x64 = Debug|x64
		Debug|x86 = Debug|x86
		Release|Any CPU = Release|Any CPU
		Release|x64 = Release|x64
		Release|x86 = Release|x86
	EndGlobalSection
	GlobalSection(ProjectConfigurationPlatforms) = postSolution
		{A0000000-0000-0000-0000-000000000001}.Debug|Any CPU.ActiveCfg = Debug|Any CPU
		{A0000000-0000-0000-0000-000000000001}.Debug|Any CPU.Build.0 = Debug|Any CPU
		{A0000000-0000-0000-0000-000000000001}.Debug|x64.ActiveCfg = Debug|Any CPU
		{A0000000-0000-0000-0000-000000000001}.Debug|x64.Build.0 = Debug|Any CPU
		{A0000000-0000-0000-0000-000000000001}.Debug|x86.ActiveCfg = Debug|Any CPU
		{A0000000-0000-0000-0000-000000000001}.Debug|x86.Build.0 = Debug|Any CPU
		{A0000000-0000-0000-0000-000000000001}.Release|Any CPU.ActiveCfg = Release|Any CPU
		{A0000000-0000-0000-0000-000000000001}.Release|Any CPU.Build.0 = Release|Any CPU
		{A0000000-0000-0000-0000-000000000001}.Release|x64.ActiveCfg = Release|Any CPU
		{A0000000-0000-0000-0000-000000000001}.Release|x64.Build.0 = Release|Any CPU
		{A0000000-0000-0000-0000-000000000001}.Release|x86.ActiveCfg = Release|Any CPU
		{A0000000-0000-0000-0000-000000000001}.Release|x86.Build.0 = Release|Any CPU
		{A0000000-0000-0000-0000-000000000002}.Debug|Any CPU.ActiveCfg = Debug|Any CPU
		{A0000000-0000-0000-0000-000000000002}.Debug|Any CPU.Build.0 = Debug|Any CPU
		{A0000000-0000-0000-0000-000000000002}.Debug|x64.ActiveCfg = Debug|Any CPU
		{A0000000-0000-0000-0000-000000000002}.Debug|x64.Build.0 = Debug|Any CPU
		{A0000000-0000-0000-0000-000000000002}.Debug|x86.ActiveCfg = Debug|Any CPU
		{A0000000-0000-0000-0000-000000000002}.Debug|x86.Build.0 = Debug|Any CPU
		{A0000000-0000-0000-0000-000000000002}.Release|Any CPU.ActiveCfg = Release|Any CPU
		{A0000000-0000-0000-0000-000000000002}.Release|Any CPU.Build.0 = Release|Any CPU
		{A0000000-0000-0000-0000-000000000002}.Release|x64.ActiveCfg = Release|Any CPU
		{A0000000-0000-0000-0000-000000000002}.Release|x64.Build.0 = Release|Any CPU
		{A0000000-0000-0000-0000-000000000002}.Release|x86.ActiveCfg = Release|Any CPU
		{A0000000-0000-0000-0000-000000000002}.Release|x86.Build.0 = Release|Any CPU
		{A0000000-0000-0000-0000-000000000003}.Debug|Any CPU.ActiveCfg = Debug|Any CPU
		{A0000000-0000-0000-0000-000000000003}.Debug|Any CPU.Build.0 = Debug|Any CPU
		{A0000000-0000-0000-0000-000000000003}.Debug|x64.ActiveCfg = Debug|Any CPU
		{A0000000-0000-0000-0000-000000000003}.Debug|x64.Build.0 = Debug|Any CPU
		{A0000000-0000-0000-0000-000000000003}.Debug|x86.ActiveCfg = Debug|Any CPU
		{A0000000-0000-0000-0000-000000000003}.Debug|x86.Build.0 = Debug|Any CPU
		{A0000000-0000-0000-0000-000000000003}.Release|Any CPU.ActiveCfg = Release|Any CPU
		{A0000000-0000-0000-0000-000000000003}.Release|Any CPU.Build.0 = Release|Any CPU
		{A0000000-0000-0000-0000-000000000003}.Release|x64.ActiveCfg = Release|Any CPU
		{A0000000-0000-0000-0000-000000000003}.Release|x64.Build.0 = Release|Any CPU
		{A0000000-0000-0000-0000-000000000003}.Release|x86.ActiveCfg = Release|Any CPU
		{A0000000-0000-0000-0000-000000000003}.Release|x86.Build.0 = Release|Any CPU
		{A0000000-0000-0000-0000-000000000004}.Debug|Any CPU.ActiveCfg = Debug|Any CPU
		{A0000000-0000-0000-0000-000000000004}.Debug|Any CPU.Build.0 = Debug|Any CPU
		{A0000000-0000-0000-0000-000000000004}.Debug|x64.ActiveCfg = Debug|Any CPU
		{A0000000-0000-0000-0000-000000000004}.Debug|x64.Build.0 = Debug|Any CPU
		{A0000000-0000-0000-0000-000000000004}.Debug|x86.ActiveCfg = Debug|Any CPU
		{A0000000-0000-0000-0000-000000000004}.Debug|x86.Build.0 = Debug|Any CPU
		{A0000000-0000-0000-0000-000000000004}.Release|Any CPU.ActiveCfg = Release|Any CPU
		{A0000000-0000-0000-0000-000000000004}.Release|Any CPU.Build.0 = Release|Any CPU
		{A0000000-0000-0000-0000-000000000004}.Release|x64.ActiveCfg = Release|Any CPU
		{A0000000-0000-0000-0000-000000000004}.Release|x64.Build.0 = Release|Any CPU
		{A0000000-0000-0000-0000-000000000004}.Release|x86.ActiveCfg = Release|Any CPU
		{A0000000-0000-0000-0000-000000000004}.Release|x86.Build.0 = Release|Any CPU
		{A0000000-0000-0000-0000-000000000005}.Debug|Any CPU.ActiveCfg = Debug|Any CPU
		{A0000000-0000-0000-0000-000000000005}.Debug|Any CPU.Build.0 = Debug|Any CPU
		{A0000000-0000-0000-0000-000000000005}.Debug|x64.ActiveCfg = Debug|Any CPU
		{A0000000-0000-0000-0000-000000000005}.Debug|x64.Build.0 = Debug|Any CPU
		{A0000000-0000-0000-0000-000000000005}.Debug|x86.ActiveCfg = Debug|Any CPU
		{A0000000-0000-0000-0000-000000000005}.Debug|x86.Build.0 = Debug|Any CPU
		{A0000000-0000-0000-0000-000000000005}.Release|Any CPU.ActiveCfg = Release|Any CPU
		{A0000000-0000-0000-0000-000000000005}.Release|Any CPU.Build.0 = Release|Any CPU
		{A0000000-0000-0000-0000-000000000005}.Release|x64.ActiveCfg = Release|Any CPU
		{A0000000-0000-0000-0000-000000000005}.Release|x64.Build.0 = Release|Any CPU
		{A0000000-0000-0000-0000-000000000005}.Release|x86.ActiveCfg = Release|Any CPU
		{A0000000-0000-0000-0000-000000000005}.Release|x86.Build.0 = Release|Any CPU
		{A0000000-0000-0000-0000-000000000009}.Debug|Any CPU.ActiveCfg = Debug|Any CPU
		{A0000000-0000-0000-0000-000000000009}.Debug|Any CPU.Build.0 = Debug|Any CPU
		{A0000000-0000-0000-0000-000000000009}.Debug|x64.ActiveCfg = Debug|Any CPU
		{A0000000-0000-0000-0000-000000000009}.Debug|x64.Build.0 = Debug|Any CPU
		{A0000000-0000-0000-0000-000000000009}.Debug|x86.ActiveCfg = Debug|Any CPU
		{A0000000-0000-0000-0000-000000000009}.Debug|x86.Build.0 = Debug|Any CPU
		{A0000000-0000-0000-0000-000000000009}.Release|Any CPU.ActiveCfg = Release|Any CPU
		{A0000000-0000-0000-0000-000000000009}.Release|Any CPU.Build.0 = Release|Any CPU
		{A0000000-0000-0000-0000-000000000009}.Release|x64.ActiveCfg = Release|Any CPU
		{A0000000-0000-0000-0000-000000000009}.Release|x64.Build.0 = Release|Any CPU
		{A0000000-0000-0000-0000-000000000009}.Release|x86.ActiveCfg = Release|Any CPU
		{A0000000-0000-0000-0000-000000000009}.Release|x86.Build.0 = Release|Any CPU
		{A0000000-0000-0000-0000-00000000000A}.Debug|Any CPU.ActiveCfg = Debug|Any CPU
		{A0000000-0000-0000-0000-00000000000A}.Debug|Any CPU.Build.0 = Debug|Any CPU
		{A0000000-0000-0000-0000-00000000000A}.Debug|x64.ActiveCfg = Debug|Any CPU
		{A0000000-0000-0000-0000-00000000000A}.Debug|x64.Build.0 = Debug|Any CPU
		{A0000000-0000-0000-0000-00000000000A}.Debug|x86.ActiveCfg = Debug|Any CPU
		{A0000000-0000-0000-0000-00000000000A}.Debug|x86.Build.0 = Debug|Any CPU
		{A0000000-0000-0000-0000-00000000000A}.Release|Any CPU.ActiveCfg = Release|Any CPU
		{A0000000-0000-0000-0000-00000000000A}.Release|Any CPU.Build.0 = Release|Any CPU
		{A0000000-0000-0000-0000-00000000000A}.Release|x64.ActiveCfg = Release|Any CPU
		{A0000000-0000-0000-0000-00000000000A}.Release|x64.Build.0 = Release|Any CPU
		{A0000000-0000-0000-0000-00000000000A}.Release|x86.ActiveCfg = Release|Any CPU
		{A0000000-0000-0000-0000-00000000000A}.Release|x86.Build.0 = Release|Any CPU
		{A0000000-0000-0000-0000-000000000006}.Debug|Any CPU.ActiveCfg = Debug|Any CPU
		{A0000000-0000-0000-0000-000000000006}.Debug|Any CPU.Build.0 = Debug|Any CPU
		{A0000000-0000-0000-0000-000000000006}.Debug|x64.ActiveCfg = Debug|Any CPU
		{A0000000-0000-0000-0000-000000000006}.Debug|x64.Build.0 = Debug|Any CPU
		{A0000000-0000-0000-0000-000000000006}.Debug|x86.ActiveCfg = Debug|Any CPU
		{A0000000-0000-0000-0000-000000000006}.Debug|x86.Build.0 = Debug|Any CPU
		{A0000000-0000-0000-0000-000000000006}.Release|Any CPU.ActiveCfg = Release|Any CPU
		{A0000000-0000-0000-0000-000000000006}.Release|Any CPU.Build.0 = Release|Any CPU
		{A0000000-0000-0000-0000-000000000006}.Release|x64.ActiveCfg = Release|Any CPU
		{A0000000-0000-0000-0000-000000000006}.Release|x64.Build.0 = Release|Any CPU
		{A0000000-0000-0000-0000-000000000006}.Release|x86.ActiveCfg = Release|Any CPU
		{A0000000-0000-0000-0000-000000000006}.Release|x86.Build.0 = Release|Any CPU
		{A0000000-0000-0000-0000-000000000007}.Debug|Any CPU.ActiveCfg = Debug|Any CPU
		{A0000000-0000-0000-0000-000000000007}.Debug|Any CPU.Build.0 = Debug|Any CPU
		{A0000000-0000-0000-0000-000000000007}.Debug|x64.ActiveCfg = Debug|Any CPU
		{A0000000-0000-0000-0000-000000000007}.Debug|x64.Build.0 = Debug|Any CPU
		{A0000000-0000-0000-0000-000000000007}.Debug|x86.ActiveCfg = Debug|Any CPU
		{A0000000-0000-0000-0000-000000000007}.Debug|x86.Build.0 = Debug|Any CPU
		{A0000000-0000-0000-0000-000000000007}.Release|Any CPU.ActiveCfg = Release|Any CPU
		{A0000000-0000-0000-0000-000000000007}.Release|Any CPU.Build.0 = Release|Any CPU
		{A0000000-0000-0000-0000-000000000007}.Release|x64.ActiveCfg = Release|Any CPU
		{A0000000-0000-0000-0000-000000000007}.Release|x64.Build.0 = Release|Any CPU
		{A0000000-0000-0000-0000-000000000007}.Release|x86.ActiveCfg = Release|Any CPU
		{A0000000-0000-0000-0000-000000000007}.Release|x86.Build.0 = Release|Any CPU
		{A0000000-0000-0000-0000-000000000008}.Debug|Any CPU.ActiveCfg = Debug|Any CPU
		{A0000000-0000-0000-0000-000000000008}.Debug|Any CPU.Build.0 = Debug|Any CPU
		{A0000000-0000-0000-0000-000000000008}.Debug|x64.ActiveCfg = Debug|Any CPU
		{A0000000-0000-0000-0000-000000000008}.Debug|x64.Build.0 = Debug|Any CPU
		{A0000000-0000-0000-0000-000000000008}.Debug|x86.ActiveCfg = Debug|Any CPU
		{A0000000-0000-0000-0000-000000000008}.Debug|x86.Build.0 = Debug|Any CPU
		{A0000000-0000-0000-0000-000000000008}.Release|Any CPU.ActiveCfg = Release|Any CPU
		{A0000000-0000-0000-0000-000000000008}.Release|Any CPU.Build.0 = Release|Any CPU
		{A0000000-0000-0000-0000-000000000008}.Release|x64.ActiveCfg = Release|Any CPU
		{A0000000-0000-0000-0000-000000000008}.Release|x64.Build.0 = Release|Any CPU
		{A0000000-0000-0000-0000-000000000008}.Release|x86.ActiveCfg = Release|Any CPU
		{A0000000-0000-0000-0000-000000000008}.Release|x86.Build.0 = Release|Any CPU
		{1D36E7E4-C188-4403-A699-537FD4881C05}.Debug|Any CPU.ActiveCfg = Debug|Any CPU
		{1D36E7E4-C188-4403-A699-537FD4881C05}.Debug|Any CPU.Build.0 = Debug|Any CPU
		{1D36E7E4-C188-4403-A699-537FD4881C05}.Debug|x64.ActiveCfg = Debug|Any CPU
		{1D36E7E4-C188-4403-A699-537FD4881C05}.Debug|x64.Build.0 = Debug|Any CPU
		{1D36E7E4-C188-4403-A699-537FD4881C05}.Debug|x86.ActiveCfg = Debug|Any CPU
		{1D36E7E4-C188-4403-A699-537FD4881C05}.Debug|x86.Build.0 = Debug|Any CPU
		{1D36E7E4-C188-4403-A699-537FD4881C05}.Release|Any CPU.ActiveCfg = Release|Any CPU
		{1D36E7E4-C188-4403-A699-537FD4881C05}.Release|Any CPU.Build.0 = Release|Any CPU
		{1D36E7E4-C188-4403-A699-537FD4881C05}.Release|x64.ActiveCfg = Release|Any CPU
		{1D36E7E4-C188-4403-A699-537FD4881C05}.Release|x64.Build.0 = Release|Any CPU
		{1D36E7E4-C188-4403-A699-537FD4881C05}.Release|x86.ActiveCfg = Release|Any CPU
		{1D36E7E4-C188-4403-A699-537FD4881C05}.Release|x86.Build.0 = Release|Any CPU
		{A57D51E8-79FD-4D2E-825B-70D042425264}.Debug|Any CPU.ActiveCfg = Debug|Any CPU
		{A57D51E8-79FD-4D2E-825B-70D042425264}.Debug|Any CPU.Build.0 = Debug|Any CPU
		{A57D51E8-79FD-4D2E-825B-70D042425264}.Debug|x64.ActiveCfg = Debug|Any CPU
		{A57D51E8-79FD-4D2E-825B-70D042425264}.Debug|x64.Build.0 = Debug|Any CPU
		{A57D51E8-79FD-4D2E-825B-70D042425264}.Debug|x86.ActiveCfg = Debug|Any CPU
		{A57D51E8-79FD-4D2E-825B-70D042425264}.Debug|x86.Build.0 = Debug|Any CPU
		{A57D51E8-79FD-4D2E-825B-70D042425264}.Release|Any CPU.ActiveCfg = Release|Any CPU
		{A57D51E8-79FD-4D2E-825B-70D042425264}.Release|Any CPU.Build.0 = Release|Any CPU
		{A57D51E8-79FD-4D2E-825B-70D042425264}.Release|x64.ActiveCfg = Release|Any CPU
		{A57D51E8-79FD-4D2E-825B-70D042425264}.Release|x64.Build.0 = Release|Any CPU
		{A57D51E8-79FD-4D2E-825B-70D042425264}.Release|x86.ActiveCfg = Release|Any CPU
		{A57D51E8-79FD-4D2E-825B-70D042425264}.Release|x86.Build.0 = Release|Any CPU
	EndGlobalSection
	GlobalSection(SolutionProperties) = preSolution
		HideSolutionNode = FALSE
	EndGlobalSection
	GlobalSection(NestedProjects) = preSolution
		{A0000000-0000-0000-0000-000000000001} = {11111111-1111-1111-1111-111111111111}
		{A0000000-0000-0000-0000-000000000002} = {11111111-1111-1111-1111-111111111111}
		{A0000000-0000-0000-0000-000000000003} = {11111111-1111-1111-1111-111111111111}
		{A0000000-0000-0000-0000-000000000004} = {11111111-1111-1111-1111-111111111111}
		{A0000000-0000-0000-0000-000000000005} = {11111111-1111-1111-1111-111111111111}
		{A0000000-0000-0000-0000-000000000009} = {11111111-1111-1111-1111-111111111111}
		{A0000000-0000-0000-0000-00000000000A} = {11111111-1111-1111-1111-111111111111}
		{A0000000-0000-0000-0000-000000000006} = {22222222-2222-2222-2222-222222222222}
		{A0000000-0000-0000-0000-000000000007} = {22222222-2222-2222-2222-222222222222}
		{A0000000-0000-0000-0000-000000000008} = {22222222-2222-2222-2222-222222222222}
		{1D36E7E4-C188-4403-A699-537FD4881C05} = {11111111-1111-1111-1111-111111111111}
	EndGlobalSection
EndGlobal
